// !$*UTF8*$!
{
	archiveVersion = 1;
	classes = {
	};
	objectVersion = 46;
	objects = {

/* Begin PBXBuildFile section */
		1866618919B5AFC00092B7D6 /* Foundation.framework in Frameworks */ = {isa = PBXBuildFile; fileRef = 1866618819B5AFC00092B7D6 /* Foundation.framework */; };
		1866618B19B5AFC00092B7D6 /* CoreGraphics.framework in Frameworks */ = {isa = PBXBuildFile; fileRef = 1866618A19B5AFC00092B7D6 /* CoreGraphics.framework */; };
		1866618D19B5AFC00092B7D6 /* UIKit.framework in Frameworks */ = {isa = PBXBuildFile; fileRef = 1866618C19B5AFC00092B7D6 /* UIKit.framework */; };
		1866619319B5AFC00092B7D6 /* InfoPlist.strings in Resources */ = {isa = PBXBuildFile; fileRef = 1866619119B5AFC00092B7D6 /* InfoPlist.strings */; };
		1866619519B5AFC00092B7D6 /* main.m in Sources */ = {isa = PBXBuildFile; fileRef = 1866619419B5AFC00092B7D6 /* main.m */; };
		1866619919B5AFC00092B7D6 /* HMAppDelegate.m in Sources */ = {isa = PBXBuildFile; fileRef = 1866619819B5AFC00092B7D6 /* HMAppDelegate.m */; };
		1866619C19B5AFC00092B7D6 /* Main.storyboard in Resources */ = {isa = PBXBuildFile; fileRef = 1866619A19B5AFC00092B7D6 /* Main.storyboard */; };
		1866619F19B5AFC00092B7D6 /* HMViewController.m in Sources */ = {isa = PBXBuildFile; fileRef = 1866619E19B5AFC00092B7D6 /* HMViewController.m */; };
		186661A119B5AFC00092B7D6 /* Images.xcassets in Resources */ = {isa = PBXBuildFile; fileRef = 186661A019B5AFC00092B7D6 /* Images.xcassets */; };
		186661A819B5AFC00092B7D6 /* XCTest.framework in Frameworks */ = {isa = PBXBuildFile; fileRef = 186661A719B5AFC00092B7D6 /* XCTest.framework */; };
		186661A919B5AFC00092B7D6 /* Foundation.framework in Frameworks */ = {isa = PBXBuildFile; fileRef = 1866618819B5AFC00092B7D6 /* Foundation.framework */; };
		186661AA19B5AFC00092B7D6 /* UIKit.framework in Frameworks */ = {isa = PBXBuildFile; fileRef = 1866618C19B5AFC00092B7D6 /* UIKit.framework */; };
		186661B219B5AFC00092B7D6 /* InfoPlist.strings in Resources */ = {isa = PBXBuildFile; fileRef = 186661B019B5AFC00092B7D6 /* InfoPlist.strings */; };
		186661B419B5AFC00092B7D6 /* _7___Tests.m in Sources */ = {isa = PBXBuildFile; fileRef = 186661B319B5AFC00092B7D6 /* _7___Tests.m */; };
		186661BF19B5B00C0092B7D6 /* HMView.m in Sources */ = {isa = PBXBuildFile; fileRef = 186661BE19B5B00C0092B7D6 /* HMView.m */; };
/* End PBXBuildFile section */

/* Begin PBXContainerItemProxy section */
		186661AB19B5AFC00092B7D6 /* PBXContainerItemProxy */ = {
			isa = PBXContainerItemProxy;
			containerPortal = 1866617D19B5AFC00092B7D6 /* Project object */;
			proxyType = 1;
			remoteGlobalIDString = 1866618419B5AFC00092B7D6;
			remoteInfo = "07-雪花";
		};
/* End PBXContainerItemProxy section */

/* Begin PBXFileReference section */
		1866618519B5AFC00092B7D6 /* 07-雪花.app */ = {isa = PBXFileReference; explicitFileType = wrapper.application; includeInIndex = 0; path = "07-雪花.app"; sourceTree = BUILT_PRODUCTS_DIR; };
		1866618819B5AFC00092B7D6 /* Foundation.framework */ = {isa = PBXFileReference; lastKnownFileType = wrapper.framework; name = Foundation.framework; path = System/Library/Frameworks/Foundation.framework; sourceTree = SDKROOT; };
		1866618A19B5AFC00092B7D6 /* CoreGraphics.framework */ = {isa = PBXFileReference; lastKnownFileType = wrapper.framework; name = CoreGraphics.framework; path = System/Library/Frameworks/CoreGraphics.framework; sourceTree = SDKROOT; };
		1866618C19B5AFC00092B7D6 /* UIKit.framework */ = {isa = PBXFileReference; lastKnownFileType = wrapper.framework; name = UIKit.framework; path = System/Library/Frameworks/UIKit.framework; sourceTree = SDKROOT; };
		1866619019B5AFC00092B7D6 /* 07-雪花-Info.plist */ = {isa = PBXFileReference; lastKnownFileType = text.plist.xml; path = "07-雪花-Info.plist"; sourceTree = "<group>"; };
		1866619219B5AFC00092B7D6 /* en */ = {isa = PBXFileReference; lastKnownFileType = text.plist.strings; name = en; path = en.lproj/InfoPlist.strings; sourceTree = "<group>"; };
		1866619419B5AFC00092B7D6 /* main.m */ = {isa = PBXFileReference; lastKnownFileType = sourcecode.c.objc; path = main.m; sourceTree = "<group>"; };
		1866619619B5AFC00092B7D6 /* 07-雪花-Prefix.pch */ = {isa = PBXFileReference; lastKnownFileType = sourcecode.c.h; path = "07-雪花-Prefix.pch"; sourceTree = "<group>"; };
		1866619719B5AFC00092B7D6 /* HMAppDelegate.h */ = {isa = PBXFileReference; lastKnownFileType = sourcecode.c.h; path = HMAppDelegate.h; sourceTree = "<group>"; };
		1866619819B5AFC00092B7D6 /* HMAppDelegate.m */ = {isa = PBXFileReference; lastKnownFileType = sourcecode.c.objc; path = HMAppDelegate.m; sourceTree = "<group>"; };
		1866619B19B5AFC00092B7D6 /* Base */ = {isa = PBXFileReference; lastKnownFileType = file.storyboard; name = Base; path = Base.lproj/Main.storyboard; sourceTree = "<group>"; };
		1866619D19B5AFC00092B7D6 /* HMViewController.h */ = {isa = PBXFileReference; lastKnownFileType = sourcecode.c.h; path = HMViewController.h; sourceTree = "<group>"; };
		1866619E19B5AFC00092B7D6 /* HMViewController.m */ = {isa = PBXFileReference; lastKnownFileType = sourcecode.c.objc; path = HMViewController.m; sourceTree = "<group>"; };
		186661A019B5AFC00092B7D6 /* Images.xcassets */ = {isa = PBXFileReference; lastKnownFileType = folder.assetcatalog; path = Images.xcassets; sourceTree = "<group>"; };
		186661A619B5AFC00092B7D6 /* 07-雪花Tests.xctest */ = {isa = PBXFileReference; explicitFileType = wrapper.cfbundle; includeInIndex = 0; path = "07-雪花Tests.xctest"; sourceTree = BUILT_PRODUCTS_DIR; };
		186661A719B5AFC00092B7D6 /* XCTest.framework */ = {isa = PBXFileReference; lastKnownFileType = wrapper.framework; name = XCTest.framework; path = Library/Frameworks/XCTest.framework; sourceTree = DEVELOPER_DIR; };
		186661AF19B5AFC00092B7D6 /* 07-雪花Tests-Info.plist */ = {isa = PBXFileReference; lastKnownFileType = text.plist.xml; path = "07-雪花Tests-Info.plist"; sourceTree = "<group>"; };
		186661B119B5AFC00092B7D6 /* en */ = {isa = PBXFileReference; lastKnownFileType = text.plist.strings; name = en; path = en.lproj/InfoPlist.strings; sourceTree = "<group>"; };
		186661B319B5AFC00092B7D6 /* _7___Tests.m */ = {isa = PBXFileReference; lastKnownFileType = sourcecode.c.objc; path = "_7___Tests.m"; sourceTree = "<group>"; };
		186661BD19B5B00C0092B7D6 /* HMView.h */ = {isa = PBXFileReference; fileEncoding = 4; lastKnownFileType = sourcecode.c.h; path = HMView.h; sourceTree = "<group>"; };
		186661BE19B5B00C0092B7D6 /* HMView.m */ = {isa = PBXFileReference; fileEncoding = 4; lastKnownFileType = sourcecode.c.objc; path = HMView.m; sourceTree = "<group>"; };
/* End PBXFileReference section */

/* Begin PBXFrameworksBuildPhase section */
		1866618219B5AFC00092B7D6 /* Frameworks */ = {
			isa = PBXFrameworksBuildPhase;
			buildActionMask = 2147483647;
			files = (
				1866618B19B5AFC00092B7D6 /* CoreGraphics.framework in Frameworks */,
				1866618D19B5AFC00092B7D6 /* UIKit.framework in Frameworks */,
				1866618919B5AFC00092B7D6 /* Foundation.framework in Frameworks */,
			);
			runOnlyForDeploymentPostprocessing = 0;
		};
		186661A319B5AFC00092B7D6 /* Frameworks */ = {
			isa = PBXFrameworksBuildPhase;
			buildActionMask = 2147483647;
			files = (
				186661A819B5AFC00092B7D6 /* XCTest.framework in Frameworks */,
				186661AA19B5AFC00092B7D6 /* UIKit.framework in Frameworks */,
				186661A919B5AFC00092B7D6 /* Foundation.framework in Frameworks */,
			);
			runOnlyForDeploymentPostprocessing = 0;
		};
/* End PBXFrameworksBuildPhase section */

/* Begin PBXGroup section */
		1866617C19B5AFC00092B7D6 = {
			isa = PBXGroup;
			children = (
				1866618E19B5AFC00092B7D6 /* 07-雪花 */,
				186661AD19B5AFC00092B7D6 /* 07-雪花Tests */,
				1866618719B5AFC00092B7D6 /* Frameworks */,
				1866618619B5AFC00092B7D6 /* Products */,
			);
			sourceTree = "<group>";
		};
		1866618619B5AFC00092B7D6 /* Products */ = {
			isa = PBXGroup;
			children = (
				1866618519B5AFC00092B7D6 /* 07-雪花.app */,
				186661A619B5AFC00092B7D6 /* 07-雪花Tests.xctest */,
			);
			name = Products;
			sourceTree = "<group>";
		};
		1866618719B5AFC00092B7D6 /* Frameworks */ = {
			isa = PBXGroup;
			children = (
				1866618819B5AFC00092B7D6 /* Foundation.framework */,
				1866618A19B5AFC00092B7D6 /* CoreGraphics.framework */,
				1866618C19B5AFC00092B7D6 /* UIKit.framework */,
				186661A719B5AFC00092B7D6 /* XCTest.framework */,
			);
			name = Frameworks;
			sourceTree = "<group>";
		};
		1866618E19B5AFC00092B7D6 /* 07-雪花 */ = {
			isa = PBXGroup;
			children = (
				1866619719B5AFC00092B7D6 /* HMAppDelegate.h */,
				1866619819B5AFC00092B7D6 /* HMAppDelegate.m */,
				1866619A19B5AFC00092B7D6 /* Main.storyboard */,
				186661BD19B5B00C0092B7D6 /* HMView.h */,
				186661BE19B5B00C0092B7D6 /* HMView.m */,
				1866619D19B5AFC00092B7D6 /* HMViewController.h */,
				1866619E19B5AFC00092B7D6 /* HMViewController.m */,
				186661A019B5AFC00092B7D6 /* Images.xcassets */,
				1866618F19B5AFC00092B7D6 /* Supporting Files */,
			);
			path = "07-雪花";
			sourceTree = "<group>";
		};
		1866618F19B5AFC00092B7D6 /* Supporting Files */ = {
			isa = PBXGroup;
			children = (
				1866619019B5AFC00092B7D6 /* 07-雪花-Info.plist */,
				1866619119B5AFC00092B7D6 /* InfoPlist.strings */,
				1866619419B5AFC00092B7D6 /* main.m */,
				1866619619B5AFC00092B7D6 /* 07-雪花-Prefix.pch */,
			);
			name = "Supporting Files";
			sourceTree = "<group>";
		};
		186661AD19B5AFC00092B7D6 /* 07-雪花Tests */ = {
			isa = PBXGroup;
			children = (
				186661B319B5AFC00092B7D6 /* _7___Tests.m */,
				186661AE19B5AFC00092B7D6 /* Supporting Files */,
			);
			path = "07-雪花Tests";
			sourceTree = "<group>";
		};
		186661AE19B5AFC00092B7D6 /* Supporting Files */ = {
			isa = PBXGroup;
			children = (
				186661AF19B5AFC00092B7D6 /* 07-雪花Tests-Info.plist */,
				186661B019B5AFC00092B7D6 /* InfoPlist.strings */,
			);
			name = "Supporting Files";
			sourceTree = "<group>";
		};
/* End PBXGroup section */

/* Begin PBXNativeTarget section */
		1866618419B5AFC00092B7D6 /* 07-雪花 */ = {
			isa = PBXNativeTarget;
			buildConfigurationList = 186661B719B5AFC00092B7D6 /* Build configuration list for PBXNativeTarget "07-雪花" */;
			buildPhases = (
				1866618119B5AFC00092B7D6 /* Sources */,
				1866618219B5AFC00092B7D6 /* Frameworks */,
				1866618319B5AFC00092B7D6 /* Resources */,
			);
			buildRules = (
			);
			dependencies = (
			);
			name = "07-雪花";
			productName = "07-雪花";
			productReference = 1866618519B5AFC00092B7D6 /* 07-雪花.app */;
			productType = "com.apple.product-type.application";
		};
		186661A519B5AFC00092B7D6 /* 07-雪花Tests */ = {
			isa = PBXNativeTarget;
			buildConfigurationList = 186661BA19B5AFC00092B7D6 /* Build configuration list for PBXNativeTarget "07-雪花Tests" */;
			buildPhases = (
				186661A219B5AFC00092B7D6 /* Sources */,
				186661A319B5AFC00092B7D6 /* Frameworks */,
				186661A419B5AFC00092B7D6 /* Resources */,
			);
			buildRules = (
			);
			dependencies = (
				186661AC19B5AFC00092B7D6 /* PBXTargetDependency */,
			);
			name = "07-雪花Tests";
			productName = "07-雪花Tests";
			productReference = 186661A619B5AFC00092B7D6 /* 07-雪花Tests.xctest */;
			productType = "com.apple.product-type.bundle.unit-test";
		};
/* End PBXNativeTarget section */

/* Begin PBXProject section */
		1866617D19B5AFC00092B7D6 /* Project object */ = {
			isa = PBXProject;
			attributes = {
				CLASSPREFIX = HM;
				LastUpgradeCheck = 0510;
				ORGANIZATIONNAME = itcast;
				TargetAttributes = {
					186661A519B5AFC00092B7D6 = {
						TestTargetID = 1866618419B5AFC00092B7D6;
					};
				};
			};
			buildConfigurationList = 1866618019B5AFC00092B7D6 /* Build configuration list for PBXProject "07-雪花" */;
			compatibilityVersion = "Xcode 3.2";
			developmentRegion = English;
			hasScannedForEncodings = 0;
			knownRegions = (
				en,
				Base,
			);
			mainGroup = 1866617C19B5AFC00092B7D6;
			productRefGroup = 1866618619B5AFC00092B7D6 /* Products */;
			projectDirPath = "";
			projectRoot = "";
			targets = (
				1866618419B5AFC00092B7D6 /* 07-雪花 */,
				186661A519B5AFC00092B7D6 /* 07-雪花Tests */,
			);
		};
/* End PBXProject section */

/* Begin PBXResourcesBuildPhase section */
		1866618319B5AFC00092B7D6 /* Resources */ = {
			isa = PBXResourcesBuildPhase;
			buildActionMask = 2147483647;
			files = (
				186661A119B5AFC00092B7D6 /* Images.xcassets in Resources */,
				1866619319B5AFC00092B7D6 /* InfoPlist.strings in Resources */,
				1866619C19B5AFC00092B7D6 /* Main.storyboard in Resources */,
			);
			runOnlyForDeploymentPostprocessing = 0;
		};
		186661A419B5AFC00092B7D6 /* Resources */ = {
			isa = PBXResourcesBuildPhase;
			buildActionMask = 2147483647;
			files = (
				186661B219B5AFC00092B7D6 /* InfoPlist.strings in Resources */,
			);
			runOnlyForDeploymentPostprocessing = 0;
		};
/* End PBXResourcesBuildPhase section */

/* Begin PBXSourcesBuildPhase section */
		1866618119B5AFC00092B7D6 /* Sources */ = {
			isa = PBXSourcesBuildPhase;
			buildActionMask = 2147483647;
			files = (
				1866619F19B5AFC00092B7D6 /* HMViewController.m in Sources */,
				1866619519B5AFC00092B7D6 /* main.m in Sources */,
				1866619919B5AFC00092B7D6 /* HMAppDelegate.m in Sources */,
				186661BF19B5B00C0092B7D6 /* HMView.m in Sources */,
			);
			runOnlyForDeploymentPostprocessing = 0;
		};
		186661A219B5AFC00092B7D6 /* Sources */ = {
			isa = PBXSourcesBuildPhase;
			buildActionMask = 2147483647;
			files = (
				186661B419B5AFC00092B7D6 /* _7___Tests.m in Sources */,
			);
			runOnlyForDeploymentPostprocessing = 0;
		};
/* End PBXSourcesBuildPhase section */

/* Begin PBXTargetDependency section */
		186661AC19B5AFC00092B7D6 /* PBXTargetDependency */ = {
			isa = PBXTargetDependency;
			target = 1866618419B5AFC00092B7D6 /* 07-雪花 */;
			targetProxy = 186661AB19B5AFC00092B7D6 /* PBXContainerItemProxy */;
		};
/* End PBXTargetDependency section */

/* Begin PBXVariantGroup section */
		1866619119B5AFC00092B7D6 /* InfoPlist.strings */ = {
			isa = PBXVariantGroup;
			children = (
				1866619219B5AFC00092B7D6 /* en */,
			);
			name = InfoPlist.strings;
			sourceTree = "<group>";
		};
		1866619A19B5AFC00092B7D6 /* Main.storyboard */ = {
			isa = PBXVariantGroup;
			children = (
				1866619B19B5AFC00092B7D6 /* Base */,
			);
			name = Main.storyboard;
			sourceTree = "<group>";
		};
		186661B019B5AFC00092B7D6 /* InfoPlist.strings */ = {
			isa = PBXVariantGroup;
			children = (
				186661B119B5AFC00092B7D6 /* en */,
			);
			name = InfoPlist.strings;
			sourceTree = "<group>";
		};
/* End PBXVariantGroup section */

/* Begin XCBuildConfiguration section */
		186661B519B5AFC00092B7D6 /* Debug */ = {
			isa = XCBuildConfiguration;
			buildSettings = {
				ALWAYS_SEARCH_USER_PATHS = NO;
				CLANG_CXX_LANGUAGE_STANDARD = "gnu++0x";
				CLANG_CXX_LIBRARY = "libc++";
				CLANG_ENABLE_MODULES = YES;
				CLANG_ENABLE_OBJC_ARC = YES;
				CLANG_WARN_BOOL_CONVERSION = YES;
				CLANG_WARN_CONSTANT_CONVERSION = YES;
				CLANG_WARN_DIRECT_OBJC_ISA_USAGE = YES_ERROR;
				CLANG_WARN_EMPTY_BODY = YES;
				CLANG_WARN_ENUM_CONVERSION = YES;
				CLANG_WARN_INT_CONVERSION = YES;
				CLANG_WARN_OBJC_ROOT_CLASS = YES_ERROR;
				CLANG_WARN__DUPLICATE_METHOD_MATCH = YES;
				"CODE_SIGN_IDENTITY[sdk=iphoneos*]" = "iPhone Developer";
				COPY_PHASE_STRIP = NO;
				GCC_C_LANGUAGE_STANDARD = gnu99;
				GCC_DYNAMIC_NO_PIC = NO;
				GCC_OPTIMIZATION_LEVEL = 0;
				GCC_PREPROCESSOR_DEFINITIONS = (
					"DEBUG=1",
					"$(inherited)",
				);
				GCC_SYMBOLS_PRIVATE_EXTERN = NO;
				GCC_WARN_64_TO_32_BIT_CONVERSION = YES;
				GCC_WARN_ABOUT_RETURN_TYPE = YES_ERROR;
				GCC_WARN_UNDECLARED_SELECTOR = YES;
				GCC_WARN_UNINITIALIZED_AUTOS = YES_AGGRESSIVE;
				GCC_WARN_UNUSED_FUNCTION = YES;
				GCC_WARN_UNUSED_VARIABLE = YES;
				IPHONEOS_DEPLOYMENT_TARGET = 7.1;
				ONLY_ACTIVE_ARCH = YES;
				SDKROOT = iphoneos;
			};
			name = Debug;
		};
		186661B619B5AFC00092B7D6 /* Release */ = {
			isa = XCBuildConfiguration;
			buildSettings = {
				ALWAYS_SEARCH_USER_PATHS = NO;
				CLANG_CXX_LANGUAGE_STANDARD = "gnu++0x";
				CLANG_CXX_LIBRARY = "libc++";
				CLANG_ENABLE_MODULES = YES;
				CLANG_ENABLE_OBJC_ARC = YES;
				CLANG_WARN_BOOL_CONVERSION = YES;
				CLANG_WARN_CONSTANT_CONVERSION = YES;
				CLANG_WARN_DIRECT_OBJC_ISA_USAGE = YES_ERROR;
				CLANG_WARN_EMPTY_BODY = YES;
				CLANG_WARN_ENUM_CONVERSION = YES;
				CLANG_WARN_INT_CONVERSION = YES;
				CLANG_WARN_OBJC_ROOT_CLASS = YES_ERROR;
				CLANG_WARN__DUPLICATE_METHOD_MATCH = YES;
				"CODE_SIGN_IDENTITY[sdk=iphoneos*]" = "iPhone Developer";
				COPY_PHASE_STRIP = YES;
				ENABLE_NS_ASSERTIONS = NO;
				GCC_C_LANGUAGE_STANDARD = gnu99;
				GCC_WARN_64_TO_32_BIT_CONVERSION = YES;
				GCC_WARN_ABOUT_RETURN_TYPE = YES_ERROR;
				GCC_WARN_UNDECLARED_SELECTOR = YES;
				GCC_WARN_UNINITIALIZED_AUTOS = YES_AGGRESSIVE;
				GCC_WARN_UNUSED_FUNCTION = YES;
				GCC_WARN_UNUSED_VARIABLE = YES;
				IPHONEOS_DEPLOYMENT_TARGET = 7.1;
				SDKROOT = iphoneos;
				VALIDATE_PRODUCT = YES;
			};
			name = Release;
		};
		186661B819B5AFC00092B7D6 /* Debug */ = {
			isa = XCBuildConfiguration;
			buildSettings = {
				ASSETCATALOG_COMPILER_APPICON_NAME = AppIcon;
				ASSETCATALOG_COMPILER_LAUNCHIMAGE_NAME = LaunchImage;
				GCC_PRECOMPILE_PREFIX_HEADER = YES;
				GCC_PREFIX_HEADER = "07-雪花/07-雪花-Prefix.pch";
				INFOPLIST_FILE = "07-雪花/07-雪花-Info.plist";
				PRODUCT_NAME = "$(TARGET_NAME)";
				WRAPPER_EXTENSION = app;
			};
			name = Debug;
		};
		186661B919B5AFC00092B7D6 /* Release */ = {
			isa = XCBuildConfiguration;
			buildSettings = {
				ASSETCATALOG_COMPILER_APPICON_NAME = AppIcon;
				ASSETCATALOG_COMPILER_LAUNCHIMAGE_NAME = LaunchImage;
				GCC_PRECOMPILE_PREFIX_HEADER = YES;
				GCC_PREFIX_HEADER = "07-雪花/07-雪花-Prefix.pch";
				INFOPLIST_FILE = "07-雪花/07-雪花-Info.plist";
				PRODUCT_NAME = "$(TARGET_NAME)";
				WRAPPER_EXTENSION = app;
			};
			name = Release;
		};
		186661BB19B5AFC00092B7D6 /* Debug */ = {
			isa = XCBuildConfiguration;
			buildSettings = {
				BUNDLE_LOADER = "$(BUILT_PRODUCTS_DIR)/07-雪花.app/07-雪花";
				FRAMEWORK_SEARCH_PATHS = (
					"$(SDKROOT)/Developer/Library/Frameworks",
					"$(inherited)",
					"$(DEVELOPER_FRAMEWORKS_DIR)",
				);
				GCC_PRECOMPILE_PREFIX_HEADER = YES;
				GCC_PREFIX_HEADER = "07-雪花/07-雪花-Prefix.pch";
				GCC_PREPROCESSOR_DEFINITIONS = (
					"DEBUG=1",
					"$(inherited)",
				);
				INFOPLIST_FILE = "07-雪花Tests/07-雪花Tests-Info.plist";
				PRODUCT_NAME = "$(TARGET_NAME)";
				TEST_HOST = "$(BUNDLE_LOADER)";
				WRAPPER_EXTENSION = xctest;
			};
			name = Debug;
		};
		186661BC19B5AFC00092B7D6 /* Release */ = {
			isa = XCBuildConfiguration;
			buildSettings = {
				BUNDLE_LOADER = "$(BUILT_PRODUCTS_DIR)/07-雪花.app/07-雪花";
				FRAMEWORK_SEARCH_PATHS = (
					"$(SDKROOT)/Developer/Library/Frameworks",
					"$(inherited)",
					"$(DEVELOPER_FRAMEWORKS_DIR)",
				);
				GCC_PRECOMPILE_PREFIX_HEADER = YES;
				GCC_PREFIX_HEADER = "07-雪花/07-雪花-Prefix.pch";
				INFOPLIST_FILE = "07-雪花Tests/07-雪花Tests-Info.plist";
				PRODUCT_NAME = "$(TARGET_NAME)";
				TEST_HOST = "$(BUNDLE_LOADER)";
				WRAPPER_EXTENSION = xctest;
			};
			name = Release;
		};
/* End XCBuildConfiguration section */

/* Begin XCConfigurationList section */
		1866618019B5AFC00092B7D6 /* Build configuration list for PBXProject "07-雪花" */ = {
			isa = XCConfigurationList;
			buildConfigurations = (
				186661B519B5AFC00092B7D6 /* Debug */,
				186661B619B5AFC00092B7D6 /* Release */,
			);
			defaultConfigurationIsVisible = 0;
			defaultConfigurationName = Release;
		};
		186661B719B5AFC00092B7D6 /* Build configuration list for PBXNativeTarget "07-雪花" */ = {
			isa = XCConfigurationList;
			buildConfigurations = (
				186661B819B5AFC00092B7D6 /* Debug */,
				186661B919B5AFC00092B7D6 /* Release */,
			);
			defaultConfigurationIsVisible = 0;
		};
		186661BA19B5AFC00092B7D6 /* Build configuration list for PBXNativeTarget "07-雪花Tests" */ = {
			isa = XCConfigurationList;
			buildConfigurations = (
				186661BB19B5AFC00092B7D6 /* Debug */,
				186661BC19B5AFC00092B7D6 /* Release */,
			);
			defaultConfigurationIsVisible = 0;
		};
/* End XCConfigurationList section */
	};
	rootObject = 1866617D19B5AFC00092B7D6 /* Project object */;
}
